Microsoft Visual Studio Solution File, Format Version 12.00
# Visual Studio Version 17
VisualStudioVersion = 17.5.2.0
MinimumVisualStudioVersion = 10.0.40219.1
Project("{FAE04EC0-301F-11D3-BF4B-00C04F79EFBC}") = "VulpesFormsApp", "VulpesFormsApp.csproj", "{69FBC5D4-1BB3-0717-1D38-A67123F33967}"
EndProject
Global
	GlobalSection(SolutionConfigurationPlatforms) = preSolution
		Debug|Any CPU = Debug|Any CPU
		Release|Any CPU = Release|Any CPU
	EndGlobalSection
	GlobalSection(ProjectConfigurationPlatforms) = postSolution
		{69FBC5D4-1BB3-0717-1D38-A67123F33967}.Debug|Any CPU.ActiveCfg = Debug|Any CPU
		{69FBC5D4-1BB3-0717-1D38-A67123F33967}.Debug|Any CPU.Build.0 = Debug|Any CPU
		{69FBC5D4-1BB3-0717-1D38-A67123F33967}.Release|Any CPU.ActiveCfg = Release|Any CPU
		{69FBC5D4-1BB3-0717-1D38-A67123F33967}.Release|Any CPU.Build.0 = Release|Any CPU
	EndGlobalSection
	GlobalSection(SolutionProperties) = preSolution
		HideSolutionNode = FALSE
	EndGlobalSection
	GlobalSection(ExtensibilityGlobals) = postSolution
		SolutionGuid = {FA288986-85E6-46B3-B853-16E96F55F1C9}
	EndGlobalSection
EndGlobal
